{
  "requires": true,
  "lockfileVersion": 1,
  "dependencies": {
    "vue-snip": {
      "version": "1.3.0",
      "resolved": "https://registry.npmjs.org/vue-snip/-/vue-snip-1.3.0.tgz",
      "integrity": "sha512-4OILdKYPWG5/FYvpFGR066Ql5nPUwAz/PLBfKHVL5cem5VUyrafuYzW/0NjMZj4ZRPLtVPTVhp55XAtJ199eXA=="
    }
  }
}
